{
  "projects": [
    {
      "projectId": "seaQhLVS4bbjiGvJJrRwyL",
      "version": "15.0.3",
      "dependencies": {},
      "lang": "js",
      "fileLocks": [
        {
          "assetId": "seaQhLVS4bbjiGvJJrRwyL",
          "type": "projectCss",
          "checksum": "85f7ca190f576c5a2499623973afb625"
        }
      ]
    },
    {
      "projectId": "aAVrWby13Whpj9iWc38egj",
      "version": "latest",
      "dependencies": {
        "seaQhLVS4bbjiGvJJrRwyL": "15.0.3"
      },
      "lang": "js",
      "fileLocks": [
        {
          "type": "globalVariant",
          "assetId": "kajc9ujuy5MJcK",
          "checksum": "1e0b81a9e17b33d93d07e61ee17a86ac"
        },
        {
          "assetId": "aAVrWby13Whpj9iWc38egj",
          "type": "projectCss",
          "checksum": "3d663db564ac30b88462b624e3e5bd94"
        },
        {
          "type": "renderModule",
          "assetId": "m3slDbDW0MwyP",
          "checksum": "b6ac0908d7cb60006a86e2a62a97f7c3"
        },
        {
          "type": "cssRules",
          "assetId": "m3slDbDW0MwyP",
          "checksum": "b6ac0908d7cb60006a86e2a62a97f7c3"
        },
        {
          "type": "renderModule",
          "assetId": "e8-nArFwQLZxg",
          "checksum": "5d8e1716c7cbaee3276f6c57eab5f68f"
        },
        {
          "type": "cssRules",
          "assetId": "e8-nArFwQLZxg",
          "checksum": "5d8e1716c7cbaee3276f6c57eab5f68f"
        },
        {
          "type": "renderModule",
          "assetId": "hvSQANW1mITtx",
          "checksum": "bfefb6c9dbdc6ceaf6af020a79f030e4"
        },
        {
          "type": "cssRules",
          "assetId": "hvSQANW1mITtx",
          "checksum": "bfefb6c9dbdc6ceaf6af020a79f030e4"
        },
        {
          "type": "renderModule",
          "assetId": "i6M3Q_4JnzkBN",
          "checksum": "5dcda27568f91bbec82ca82e8192cf4c"
        },
        {
          "type": "cssRules",
          "assetId": "i6M3Q_4JnzkBN",
          "checksum": "5dcda27568f91bbec82ca82e8192cf4c"
        },
        {
          "type": "renderModule",
          "assetId": "404crsqwWn8dHZ",
          "checksum": "8318e2e69b7d0f7bc2164ae9475d46c4"
        },
        {
          "type": "cssRules",
          "assetId": "404crsqwWn8dHZ",
          "checksum": "8318e2e69b7d0f7bc2164ae9475d46c4"
        },
        {
          "type": "renderModule",
          "assetId": "aKE0lVaQ0xHkQ_",
          "checksum": "84d885ae4194f7c88aaf84031ca25498"
        },
        {
          "type": "cssRules",
          "assetId": "aKE0lVaQ0xHkQ_",
          "checksum": "84d885ae4194f7c88aaf84031ca25498"
        },
        {
          "type": "renderModule",
          "assetId": "-NTaHgkt01icFA",
          "checksum": "715d70af995c0d61f971e9e7854c6078"
        },
        {
          "type": "cssRules",
          "assetId": "-NTaHgkt01icFA",
          "checksum": "715d70af995c0d61f971e9e7854c6078"
        },
        {
          "type": "renderModule",
          "assetId": "wxvfwh14O0GgH4",
          "checksum": "7a948c86f334545783e5e1882ac24d0b"
        },
        {
          "type": "cssRules",
          "assetId": "wxvfwh14O0GgH4",
          "checksum": "7a948c86f334545783e5e1882ac24d0b"
        },
        {
          "type": "renderModule",
          "assetId": "vmB_qOsfIVq8ca",
          "checksum": "6059326865afa692a214902de16e1175"
        },
        {
          "type": "cssRules",
          "assetId": "vmB_qOsfIVq8ca",
          "checksum": "6059326865afa692a214902de16e1175"
        },
        {
          "type": "renderModule",
          "assetId": "Xd1DQoJebZzcVO",
          "checksum": "31acc4d0addaa6d729057833de82224d"
        },
        {
          "type": "cssRules",
          "assetId": "Xd1DQoJebZzcVO",
          "checksum": "31acc4d0addaa6d729057833de82224d"
        },
        {
          "type": "renderModule",
          "assetId": "jQAcCX9m0JoW-q",
          "checksum": "848586ce77c1846d70dc624517ea95ad"
        },
        {
          "type": "cssRules",
          "assetId": "jQAcCX9m0JoW-q",
          "checksum": "848586ce77c1846d70dc624517ea95ad"
        },
        {
          "type": "icon",
          "assetId": "NE_PegIVWWpw3A",
          "checksum": "bf94030b2d7419843d5c68486642481d"
        },
        {
          "type": "icon",
          "assetId": "A7TSFKY_ITC3xx",
          "checksum": "96229e858ed8c4578956a7a556df9b5f"
        },
        {
          "type": "icon",
          "assetId": "hHGTqrlfVtc0Qd",
          "checksum": "0946588adc12e342cd6164f1300798a5"
        },
        {
          "type": "icon",
          "assetId": "gSVMGJeodogthG",
          "checksum": "14a5ce1469102754f98401a8dabcd555"
        },
        {
          "type": "icon",
          "assetId": "kuDuOOkjzuRzXC",
          "checksum": "d4f46e924f2f67d99ce315dd50a48876"
        },
        {
          "type": "icon",
          "assetId": "obiT9MrXj7NmdP",
          "checksum": "0189091b15b4a0e38a5cbd7145667ea4"
        },
        {
          "type": "icon",
          "assetId": "uSYF1G3fVaTX9u",
          "checksum": "eb68a285a58250a1c8544a449ae8a243"
        },
        {
          "type": "icon",
          "assetId": "TzhyxC54rSznIA",
          "checksum": "a504425132b44e075208506d0693842e"
        },
        {
          "type": "icon",
          "assetId": "D6NoJXAr9wzJRY",
          "checksum": "8ade66d231ecc342d8df3b82b2c8b70b"
        },
        {
          "type": "icon",
          "assetId": "UKmwDziCoffGvA",
          "checksum": "34202bd6b045dde3c88f10e233453809"
        },
        {
          "type": "icon",
          "assetId": "UyirsZVcHszZaV",
          "checksum": "3756c0d7239a0a31245b71ef82ad22b3"
        },
        {
          "type": "icon",
          "assetId": "Kz8CIQ6B4jbCy-",
          "checksum": "8b32ffadf9bdc28c92d0d305a6a2fab2"
        },
        {
          "type": "icon",
          "assetId": "DyrIWqmFapRn2O",
          "checksum": "9b42596d1f09250f853b6de0a9999110"
        },
        {
          "type": "icon",
          "assetId": "F1Afg6XUxBOMKw",
          "checksum": "b9755e33bf934cee707a3bbf1027fb22"
        },
        {
          "type": "icon",
          "assetId": "MWSBQSHzfeR5Xj",
          "checksum": "ad15f61e6877e28abea27fd1bbc966bb"
        },
        {
          "type": "icon",
          "assetId": "keRxNHnvMvUuaS",
          "checksum": "dff057e34a4ea2c0ce2598f85a90ed08"
        },
        {
          "type": "icon",
          "assetId": "EgpHL2TSRkaKId",
          "checksum": "472d2c8129170acf111882a04ce78c57"
        },
        {
          "type": "image",
          "assetId": "pfyMmok9g89U8C",
          "checksum": "a930b7ac9a21bdd22b0910df6eb32570"
        },
        {
          "type": "image",
          "assetId": "_RRdzv27lhslL7",
          "checksum": "ce3606d2c1e4df3ca8bb8524b690865c"
        },
        {
          "type": "image",
          "assetId": "7EZjDO9H1q8Vvu",
          "checksum": "fe7db02d11587fe96f965f6876b377e5"
        },
        {
          "type": "image",
          "assetId": "D9kJpywBBH1LQ2",
          "checksum": "eb498cdc5add64763fd4251a0122f5e7"
        },
        {
          "type": "image",
          "assetId": "Pe-bR7h711dJYQ",
          "checksum": "efa64be7f1f9ee6b5795df248b37cabc"
        },
        {
          "type": "image",
          "assetId": "cakjewngLDQNNZ",
          "checksum": "3d62cb16ba8e1ed45f0d9d7f640799a8"
        },
        {
          "type": "image",
          "assetId": "mjjICCZrkZl4yd",
          "checksum": "c792527609efe11dd6d21f9f844aba33"
        },
        {
          "type": "image",
          "assetId": "23cA-UlaVgUTf9",
          "checksum": "83eb2f0318ae0226cd9ea42bae98e2ad"
        },
        {
          "type": "image",
          "assetId": "37ZnNtSmna8fSh",
          "checksum": "08720341f5095891f509bfba4771560e"
        },
        {
          "type": "image",
          "assetId": "ipHsgvU6aamoWu",
          "checksum": "eee433faad9e423c6d152188c65c95fc"
        },
        {
          "type": "image",
          "assetId": "OhLUaQQLeUAeN1",
          "checksum": "0a47bb00f3fead0582b84f9c0dbbfe5a"
        },
        {
          "type": "image",
          "assetId": "uG_sq0BqU1nXRM",
          "checksum": "3a6e904087e8b427f7b1e0dfbf1010d7"
        },
        {
          "type": "image",
          "assetId": "ta7ZqnxkBKjcxg",
          "checksum": "ebe6ad42c6722c87bf18171461b0072f"
        },
        {
          "type": "image",
          "assetId": "RVcC_g68qHwYOg",
          "checksum": "64a2eae0d8ae9d9beea0500e59afac08"
        },
        {
          "type": "image",
          "assetId": "eHBysIztk0g4Tm",
          "checksum": "029cf777c6f67d0ac9ed943c3b9c1f8c"
        },
        {
          "type": "image",
          "assetId": "BIrkuFVmcq3Xyn",
          "checksum": "01003f76dc8a8b039785925c6ef1dfb7"
        },
        {
          "type": "image",
          "assetId": "0I01KK43o9eHaM",
          "checksum": "6acfecf86807ee80b2d30f7159e2045b"
        },
        {
          "type": "image",
          "assetId": "XKG2onR_7F0E3e",
          "checksum": "f2c54d8e8d286f70c7fd5e6b34abca0f"
        },
        {
          "type": "image",
          "assetId": "_Wg1S0C5YBI40z",
          "checksum": "1fba197a0d05087d95d558b4bf0dda70"
        },
        {
          "type": "image",
          "assetId": "u9izEeAFnehlix",
          "checksum": "6855018a566b32103213c2bbddb4aa35"
        },
        {
          "type": "image",
          "assetId": "tEr2_iUpkoyN2Q",
          "checksum": "e8f3f3e64ff07eb5526d5cf382915796"
        },
        {
          "type": "image",
          "assetId": "2ecPzi5zrgoiMv",
          "checksum": "3b1e0e6460d9b769d9bc722e3f6bd79d"
        },
        {
          "type": "image",
          "assetId": "C6ctI0oC21E47j",
          "checksum": "2c133ff39e9f0ac3a0f9bb694bdab7e1"
        },
        {
          "type": "image",
          "assetId": "gHP3qkr46NskcL",
          "checksum": "ca824f698c32e3eaca46f89fbc2d3334"
        },
        {
          "type": "image",
          "assetId": "X8MUdGffgBhvQx",
          "checksum": "83de6947c7fbc37b7f37082893a7ac44"
        }
      ]
    }
  ],
  "cliVersion": "0.1.157"
}
